
Microsoft Visual Studio Solution File, Format Version 12.00
# Visual Studio Version 17
VisualStudioVersion = 17.4.32804.182
MinimumVisualStudioVersion = 10.0.40219.1
Project("{FAE04EC0-301F-11D3-BF4B-00C04F79EFBC}") = "ModuleNine", "ModuleNine\ModuleNine.csproj", "{09E5B865-4554-4BEB-A66F-79DB24167138}"
EndProject
Global
	GlobalSection(SolutionConfigurationPlatforms) = preSolution
		Debug|Any CPU = Debug|Any CPU
		Release|Any CPU = Release|Any CPU
	EndGlobalSection
	GlobalSection(ProjectConfigurationPlatforms) = postSolution
		{09E5B865-4554-4BEB-A66F-79DB24167138}.Debug|Any CPU.ActiveCfg = Debug|Any CPU
		{09E5B865-4554-4BEB-A66F-79DB24167138}.Debug|Any CPU.Build.0 = Debug|Any CPU
		{09E5B865-4554-4BEB-A66F-79DB24167138}.Release|Any CPU.ActiveCfg = Release|Any CPU
		{09E5B865-4554-4BEB-A66F-79DB24167138}.Release|Any CPU.Build.0 = Release|Any CPU
	EndGlobalSection
	GlobalSection(SolutionProperties) = preSolution
		HideSolutionNode = FALSE
	EndGlobalSection
	GlobalSection(ExtensibilityGlobals) = postSolution
		SolutionGuid = {53B929AA-43B2-4D5D-A4FF-06D38652BD8D}
	EndGlobalSection
EndGlobal
